
Microsoft Visual Studio Solution File, Format Version 12.00
# Visual Studio Version 16
VisualStudioVersion = 16.0.30204.135
MinimumVisualStudioVersion = 10.0.40219.1
Project("{FAE04EC0-301F-11D3-BF4B-00C04F79EFBC}") = "MinhaFloresta.Domain", "MinhaFloresta.Domain\MinhaFloresta.Domain.csproj", "{9CBC18C6-DAC5-4A42-9335-FC2A21792959}"
EndProject
Project("{FAE04EC0-301F-11D3-BF4B-00C04F79EFBC}") = "MinhaFloresta.Repository", "MinhaFloresta.Repository\MinhaFloresta.Repository.csproj", "{1BA49E06-2229-47EF-9101-018F3D97E57E}"
EndProject
Project("{FAE04EC0-301F-11D3-BF4B-00C04F79EFBC}") = "MinhaFloresta.Service", "MinhaFloresta.Service\MinhaFloresta.Service.csproj", "{90F9750B-102C-46D3-B329-7736A3ED4C94}"
EndProject
Project("{FAE04EC0-301F-11D3-BF4B-00C04F79EFBC}") = "MinhaFloresta.WebAPI", "MinhaFloresta.WebAPI\MinhaFloresta.WebAPI.csproj", "{BBF22F5A-99F0-43A6-B2FA-BC6FD7908FB9}"
EndProject
Global
	GlobalSection(SolutionConfigurationPlatforms) = preSolution
		Debug|Any CPU = Debug|Any CPU
		Release|Any CPU = Release|Any CPU
	EndGlobalSection
	GlobalSection(ProjectConfigurationPlatforms) = postSolution
		{9CBC18C6-DAC5-4A42-9335-FC2A21792959}.Debug|Any CPU.ActiveCfg = Debug|Any CPU
		{9CBC18C6-DAC5-4A42-9335-FC2A21792959}.Debug|Any CPU.Build.0 = Debug|Any CPU
		{9CBC18C6-DAC5-4A42-9335-FC2A21792959}.Release|Any CPU.ActiveCfg = Release|Any CPU
		{9CBC18C6-DAC5-4A42-9335-FC2A21792959}.Release|Any CPU.Build.0 = Release|Any CPU
		{1BA49E06-2229-47EF-9101-018F3D97E57E}.Debug|Any CPU.ActiveCfg = Debug|Any CPU
		{1BA49E06-2229-47EF-9101-018F3D97E57E}.Debug|Any CPU.Build.0 = Debug|Any CPU
		{1BA49E06-2229-47EF-9101-018F3D97E57E}.Release|Any CPU.ActiveCfg = Release|Any CPU
		{1BA49E06-2229-47EF-9101-018F3D97E57E}.Release|Any CPU.Build.0 = Release|Any CPU
		{90F9750B-102C-46D3-B329-7736A3ED4C94}.Debug|Any CPU.ActiveCfg = Debug|Any CPU
		{90F9750B-102C-46D3-B329-7736A3ED4C94}.Debug|Any CPU.Build.0 = Debug|Any CPU
		{90F9750B-102C-46D3-B329-7736A3ED4C94}.Release|Any CPU.ActiveCfg = Release|Any CPU
		{90F9750B-102C-46D3-B329-7736A3ED4C94}.Release|Any CPU.Build.0 = Release|Any CPU
		{BBF22F5A-99F0-43A6-B2FA-BC6FD7908FB9}.Debug|Any CPU.ActiveCfg = Debug|Any CPU
		{BBF22F5A-99F0-43A6-B2FA-BC6FD7908FB9}.Debug|Any CPU.Build.0 = Debug|Any CPU
		{BBF22F5A-99F0-43A6-B2FA-BC6FD7908FB9}.Release|Any CPU.ActiveCfg = Release|Any CPU
		{BBF22F5A-99F0-43A6-B2FA-BC6FD7908FB9}.Release|Any CPU.Build.0 = Release|Any CPU
	EndGlobalSection
	GlobalSection(SolutionProperties) = preSolution
		HideSolutionNode = FALSE
	EndGlobalSection
	GlobalSection(ExtensibilityGlobals) = postSolution
		SolutionGuid = {DB899FEC-0CD1-4F3A-970D-D9CA885D5941}
	EndGlobalSection
EndGlobal
